
Microsoft Visual Studio Solution File, Format Version 11.00
# Visual Studio 2010
Project("{FAE04EC0-301F-11D3-BF4B-00C04F79EFBC}") = "Assembly-CSharp", "Assembly-CSharp.csproj", "{df6bdf4b-db76-a015-75cf-305a5e4547f5}"
EndProject
Project("{FAE04EC0-301F-11D3-BF4B-00C04F79EFBC}") = "Assembly-CSharp-Editor", "Assembly-CSharp-Editor.csproj", "{0abde6fc-c298-d30d-987c-a4cc1d6031d4}"
EndProject
Global
	GlobalSection(SolutionConfigurationPlatforms) = preSolution
		Debug|Any CPU = Debug|Any CPU
	EndGlobalSection
	GlobalSection(ProjectConfigurationPlatforms) = postSolution
		{df6bdf4b-db76-a015-75cf-305a5e4547f5}.Debug|Any CPU.ActiveCfg = Debug|Any CPU
		{df6bdf4b-db76-a015-75cf-305a5e4547f5}.Debug|Any CPU.Build.0 = Debug|Any CPU
		{0abde6fc-c298-d30d-987c-a4cc1d6031d4}.Debug|Any CPU.ActiveCfg = Debug|Any CPU
		{0abde6fc-c298-d30d-987c-a4cc1d6031d4}.Debug|Any CPU.Build.0 = Debug|Any CPU
	EndGlobalSection
	GlobalSection(SolutionProperties) = preSolution
		HideSolutionNode = FALSE
	EndGlobalSection
EndGlobal
